
Microsoft Visual Studio Solution File, Format Version 12.00
# Visual Studio Version 17
VisualStudioVersion = 17.7.34031.279
MinimumVisualStudioVersion = 10.0.40219.1
Project("{FAE04EC0-301F-11D3-BF4B-00C04F79EFBC}") = "SkolaProjekat", "SkolaProjekat\SkolaProjekat.csproj", "{B39F6B56-F517-4D67-9ECA-D08EA297CD71}"
EndProject
Global
	GlobalSection(SolutionConfigurationPlatforms) = preSolution
		Debug|Any CPU = Debug|Any CPU
		Release|Any CPU = Release|Any CPU
	EndGlobalSection
	GlobalSection(ProjectConfigurationPlatforms) = postSolution
		{B39F6B56-F517-4D67-9ECA-D08EA297CD71}.Debug|Any CPU.ActiveCfg = Debug|Any CPU
		{B39F6B56-F517-4D67-9ECA-D08EA297CD71}.Debug|Any CPU.Build.0 = Debug|Any CPU
		{B39F6B56-F517-4D67-9ECA-D08EA297CD71}.Release|Any CPU.ActiveCfg = Release|Any CPU
		{B39F6B56-F517-4D67-9ECA-D08EA297CD71}.Release|Any CPU.Build.0 = Release|Any CPU
	EndGlobalSection
	GlobalSection(SolutionProperties) = preSolution
		HideSolutionNode = FALSE
	EndGlobalSection
	GlobalSection(ExtensibilityGlobals) = postSolution
		SolutionGuid = {CBAD1D02-C381-4CB6-BC51-78D589E28FC5}
	EndGlobalSection
EndGlobal
